
Microsoft Visual Studio Solution File, Format Version 12.00
# Visual Studio Version 16
VisualStudioVersion = 16.0.32929.386
MinimumVisualStudioVersion = 10.0.40219.1
Project("{FAE04EC0-301F-11D3-BF4B-00C04F79EFBC}") = "GroupProject", "GroupProject.csproj", "{B6E17A65-D825-46BB-9998-6E5D8A14BE67}"
EndProject
Global
	GlobalSection(SolutionConfigurationPlatforms) = preSolution
		Debug|Any CPU = Debug|Any CPU
		Release|Any CPU = Release|Any CPU
	EndGlobalSection
	GlobalSection(ProjectConfigurationPlatforms) = postSolution
		{B6E17A65-D825-46BB-9998-6E5D8A14BE67}.Debug|Any CPU.ActiveCfg = Debug|Any CPU
		{B6E17A65-D825-46BB-9998-6E5D8A14BE67}.Debug|Any CPU.Build.0 = Debug|Any CPU
		{B6E17A65-D825-46BB-9998-6E5D8A14BE67}.Release|Any CPU.ActiveCfg = Release|Any CPU
		{B6E17A65-D825-46BB-9998-6E5D8A14BE67}.Release|Any CPU.Build.0 = Release|Any CPU
	EndGlobalSection
	GlobalSection(SolutionProperties) = preSolution
		HideSolutionNode = FALSE
	EndGlobalSection
	GlobalSection(ExtensibilityGlobals) = postSolution
		SolutionGuid = {76322BF2-F4EC-47C5-8431-1CB895CB8B48}
	EndGlobalSection
EndGlobal
